
Microsoft Visual Studio Solution File, Format Version 12.00
Project("{FAE04EC0-301F-11D3-BF4B-00C04F79EFBC}") = "WindowsFormsApp1", "WindowsFormsApp1\WindowsFormsApp1.csproj", "{B4B7A016-820A-45EC-883B-5FC8D1336476}"
EndProject
Global
	GlobalSection(SolutionConfigurationPlatforms) = preSolution
		Debug|Any CPU = Debug|Any CPU
		Release|Any CPU = Release|Any CPU
	EndGlobalSection
	GlobalSection(ProjectConfigurationPlatforms) = postSolution
		{B4B7A016-820A-45EC-883B-5FC8D1336476}.Debug|Any CPU.ActiveCfg = Debug|Any CPU
		{B4B7A016-820A-45EC-883B-5FC8D1336476}.Debug|Any CPU.Build.0 = Debug|Any CPU
		{B4B7A016-820A-45EC-883B-5FC8D1336476}.Release|Any CPU.ActiveCfg = Release|Any CPU
		{B4B7A016-820A-45EC-883B-5FC8D1336476}.Release|Any CPU.Build.0 = Release|Any CPU
	EndGlobalSection
EndGlobal
